
Microsoft Visual Studio Solution File, Format Version 12.00
# Visual Studio Version 16
VisualStudioVersion = 16.0.28809.33
MinimumVisualStudioVersion = 10.0.40219.1
Project("{FAE04EC0-301F-11D3-BF4B-00C04F79EFBC}") = "MFCReportService", "MFCReportService\MFCReportService.csproj", "{F15CD4E4-AEAE-4C9E-B093-B00367941C7B}"
EndProject
Project("{FAE04EC0-301F-11D3-BF4B-00C04F79EFBC}") = "ReportScheduleManagement", "ReportScheduleManagement\ReportScheduleManagement.csproj", "{D60788E9-51D7-4937-8BE5-149EA1C74AA3}"
EndProject
Project("{930C7802-8A8C-48F9-8165-68863BCCD9DD}") = "Installer", "Installer\Installer.wixproj", "{7039764E-42A9-448B-964E-42F0CFFCA0AF}"
EndProject
Project("{FAE04EC0-301F-11D3-BF4B-00C04F79EFBC}") = "ReportScheduleInForm", "ReportScheduleInForm\ReportScheduleInForm.csproj", "{7DE2A79A-E6B2-4B13-9F82-E36A6BC269EE}"
EndProject
Global
	GlobalSection(SolutionConfigurationPlatforms) = preSolution
		Debug|Any CPU = Debug|Any CPU
		Debug|ia64 = Debug|ia64
		Debug|Mixed Platforms = Debug|Mixed Platforms
		Debug|x86 = Debug|x86
		Release|Any CPU = Release|Any CPU
		Release|ia64 = Release|ia64
		Release|Mixed Platforms = Release|Mixed Platforms
		Release|x86 = Release|x86
	EndGlobalSection
	GlobalSection(ProjectConfigurationPlatforms) = postSolution
		{F15CD4E4-AEAE-4C9E-B093-B00367941C7B}.Debug|Any CPU.ActiveCfg = Debug|Any CPU
		{F15CD4E4-AEAE-4C9E-B093-B00367941C7B}.Debug|ia64.ActiveCfg = Debug|Any CPU
		{F15CD4E4-AEAE-4C9E-B093-B00367941C7B}.Debug|Mixed Platforms.ActiveCfg = Debug|Any CPU
		{F15CD4E4-AEAE-4C9E-B093-B00367941C7B}.Debug|x86.ActiveCfg = Debug|Any CPU
		{F15CD4E4-AEAE-4C9E-B093-B00367941C7B}.Debug|x86.Build.0 = Debug|Any CPU
		{F15CD4E4-AEAE-4C9E-B093-B00367941C7B}.Release|Any CPU.ActiveCfg = Release|Any CPU
		{F15CD4E4-AEAE-4C9E-B093-B00367941C7B}.Release|Any CPU.Build.0 = Release|Any CPU
		{F15CD4E4-AEAE-4C9E-B093-B00367941C7B}.Release|ia64.ActiveCfg = Release|Any CPU
		{F15CD4E4-AEAE-4C9E-B093-B00367941C7B}.Release|ia64.Build.0 = Release|Any CPU
		{F15CD4E4-AEAE-4C9E-B093-B00367941C7B}.Release|Mixed Platforms.ActiveCfg = Release|Any CPU
		{F15CD4E4-AEAE-4C9E-B093-B00367941C7B}.Release|Mixed Platforms.Build.0 = Release|Any CPU
		{F15CD4E4-AEAE-4C9E-B093-B00367941C7B}.Release|x86.ActiveCfg = Release|Any CPU
		{F15CD4E4-AEAE-4C9E-B093-B00367941C7B}.Release|x86.Build.0 = Release|Any CPU
		{D60788E9-51D7-4937-8BE5-149EA1C74AA3}.Debug|Any CPU.ActiveCfg = Debug|Any CPU
		{D60788E9-51D7-4937-8BE5-149EA1C74AA3}.Debug|Any CPU.Build.0 = Debug|Any CPU
		{D60788E9-51D7-4937-8BE5-149EA1C74AA3}.Debug|ia64.ActiveCfg = Debug|Any CPU
		{D60788E9-51D7-4937-8BE5-149EA1C74AA3}.Debug|Mixed Platforms.ActiveCfg = Debug|Any CPU
		{D60788E9-51D7-4937-8BE5-149EA1C74AA3}.Debug|Mixed Platforms.Build.0 = Debug|Any CPU
		{D60788E9-51D7-4937-8BE5-149EA1C74AA3}.Debug|x86.ActiveCfg = Debug|Any CPU
		{D60788E9-51D7-4937-8BE5-149EA1C74AA3}.Debug|x86.Build.0 = Debug|Any CPU
		{D60788E9-51D7-4937-8BE5-149EA1C74AA3}.Release|Any CPU.ActiveCfg = Release|Any CPU
		{D60788E9-51D7-4937-8BE5-149EA1C74AA3}.Release|Any CPU.Build.0 = Release|Any CPU
		{D60788E9-51D7-4937-8BE5-149EA1C74AA3}.Release|ia64.ActiveCfg = Release|Any CPU
		{D60788E9-51D7-4937-8BE5-149EA1C74AA3}.Release|ia64.Build.0 = Release|Any CPU
		{D60788E9-51D7-4937-8BE5-149EA1C74AA3}.Release|Mixed Platforms.ActiveCfg = Release|Any CPU
		{D60788E9-51D7-4937-8BE5-149EA1C74AA3}.Release|Mixed Platforms.Build.0 = Release|Any CPU
		{D60788E9-51D7-4937-8BE5-149EA1C74AA3}.Release|x86.ActiveCfg = Release|Any CPU
		{D60788E9-51D7-4937-8BE5-149EA1C74AA3}.Release|x86.Build.0 = Release|Any CPU
		{7039764E-42A9-448B-964E-42F0CFFCA0AF}.Debug|Any CPU.ActiveCfg = Debug|x86
		{7039764E-42A9-448B-964E-42F0CFFCA0AF}.Debug|ia64.ActiveCfg = Debug|x86
		{7039764E-42A9-448B-964E-42F0CFFCA0AF}.Debug|Mixed Platforms.ActiveCfg = Debug|x86
		{7039764E-42A9-448B-964E-42F0CFFCA0AF}.Debug|Mixed Platforms.Build.0 = Debug|x86
		{7039764E-42A9-448B-964E-42F0CFFCA0AF}.Debug|x86.ActiveCfg = Debug|x86
		{7039764E-42A9-448B-964E-42F0CFFCA0AF}.Debug|x86.Build.0 = Debug|x86
		{7039764E-42A9-448B-964E-42F0CFFCA0AF}.Release|Any CPU.ActiveCfg = Release|x86
		{7039764E-42A9-448B-964E-42F0CFFCA0AF}.Release|ia64.ActiveCfg = Release|x86
		{7039764E-42A9-448B-964E-42F0CFFCA0AF}.Release|Mixed Platforms.ActiveCfg = Release|x86
		{7039764E-42A9-448B-964E-42F0CFFCA0AF}.Release|Mixed Platforms.Build.0 = Release|x86
		{7039764E-42A9-448B-964E-42F0CFFCA0AF}.Release|x86.ActiveCfg = Release|x86
		{7039764E-42A9-448B-964E-42F0CFFCA0AF}.Release|x86.Build.0 = Release|x86
		{7DE2A79A-E6B2-4B13-9F82-E36A6BC269EE}.Debug|Any CPU.ActiveCfg = Debug|Any CPU
		{7DE2A79A-E6B2-4B13-9F82-E36A6BC269EE}.Debug|Any CPU.Build.0 = Debug|Any CPU
		{7DE2A79A-E6B2-4B13-9F82-E36A6BC269EE}.Debug|ia64.ActiveCfg = Debug|Any CPU
		{7DE2A79A-E6B2-4B13-9F82-E36A6BC269EE}.Debug|ia64.Build.0 = Debug|Any CPU
		{7DE2A79A-E6B2-4B13-9F82-E36A6BC269EE}.Debug|Mixed Platforms.ActiveCfg = Debug|Any CPU
		{7DE2A79A-E6B2-4B13-9F82-E36A6BC269EE}.Debug|Mixed Platforms.Build.0 = Debug|Any CPU
		{7DE2A79A-E6B2-4B13-9F82-E36A6BC269EE}.Debug|x86.ActiveCfg = Debug|Any CPU
		{7DE2A79A-E6B2-4B13-9F82-E36A6BC269EE}.Debug|x86.Build.0 = Debug|Any CPU
		{7DE2A79A-E6B2-4B13-9F82-E36A6BC269EE}.Release|Any CPU.ActiveCfg = Release|Any CPU
		{7DE2A79A-E6B2-4B13-9F82-E36A6BC269EE}.Release|Any CPU.Build.0 = Release|Any CPU
		{7DE2A79A-E6B2-4B13-9F82-E36A6BC269EE}.Release|ia64.ActiveCfg = Release|Any CPU
		{7DE2A79A-E6B2-4B13-9F82-E36A6BC269EE}.Release|ia64.Build.0 = Release|Any CPU
		{7DE2A79A-E6B2-4B13-9F82-E36A6BC269EE}.Release|Mixed Platforms.ActiveCfg = Release|Any CPU
		{7DE2A79A-E6B2-4B13-9F82-E36A6BC269EE}.Release|Mixed Platforms.Build.0 = Release|Any CPU
		{7DE2A79A-E6B2-4B13-9F82-E36A6BC269EE}.Release|x86.ActiveCfg = Release|Any CPU
		{7DE2A79A-E6B2-4B13-9F82-E36A6BC269EE}.Release|x86.Build.0 = Release|Any CPU
	EndGlobalSection
	GlobalSection(SolutionProperties) = preSolution
		HideSolutionNode = FALSE
	EndGlobalSection
	GlobalSection(ExtensibilityGlobals) = postSolution
		SolutionGuid = {64CADFA2-B575-4D2D-9AD6-AA4FD9007EC2}
	EndGlobalSection
EndGlobal
